// !$*UTF8*$!
{
	archiveVersion = 1;
	classes = {
	};
	objectVersion = 56;
	objects = {

/* Begin PBXBuildFile section */
		2D3DC40B2E94CA6B00FE9208 /* AvengersMovieChallengeApp.swift in Sources */ = {isa = PBXBuildFile; fileRef = 2D3DC40A2E94CA6B00FE9208 /* AvengersMovieChallengeApp.swift */; };
		2D3DC40D2E94CA6B00FE9208 /* ContentView.swift in Sources */ = {isa = PBXBuildFile; fileRef = 2D3DC40C2E94CA6B00FE9208 /* ContentView.swift */; };
		2D3DC40F2E94CA6E00FE9208 /* Assets.xcassets in Resources */ = {isa = PBXBuildFile; fileRef = 2D3DC40E2E94CA6E00FE9208 /* Assets.xcassets */; };
		2D3DC4132E94CA6E00FE9208 /* Preview Assets.xcassets in Resources */ = {isa = PBXBuildFile; fileRef = 2D3DC4122E94CA6E00FE9208 /* Preview Assets.xcassets */; };
		2D3DC41D2E94CA6E00FE9208 /* AvengersMovieChallengeTests.swift in Sources */ = {isa = PBXBuildFile; fileRef = 2D3DC41C2E94CA6E00FE9208 /* AvengersMovieChallengeTests.swift */; };
		2D3DC4272E94CA6E00FE9208 /* AvengersMovieChallengeUITests.swift in Sources */ = {isa = PBXBuildFile; fileRef = 2D3DC4262E94CA6E00FE9208 /* AvengersMovieChallengeUITests.swift */; };
		2D3DC4292E94CA6E00FE9208 /* AvengersMovieChallengeUITestsLaunchTests.swift in Sources */ = {isa = PBXBuildFile; fileRef = 2D3DC4282E94CA6E00FE9208 /* AvengersMovieChallengeUITestsLaunchTests.swift */; };
		2D3DC4382E94CD3D00FE9208 /* MoviesView.swift in Sources */ = {isa = PBXBuildFile; fileRef = 2D3DC4372E94CD3D00FE9208 /* MoviesView.swift */; };
		2D3DC43B2E94CD5C00FE9208 /* MovieDetailsView.swift in Sources */ = {isa = PBXBuildFile; fileRef = 2D3DC43A2E94CD5C00FE9208 /* MovieDetailsView.swift */; };
		2D3DC43D2E94DF4700FE9208 /* MovieItemView.swift in Sources */ = {isa = PBXBuildFile; fileRef = 2D3DC43C2E94DF4700FE9208 /* MovieItemView.swift */; };
		2D3DC4402E94EFAF00FE9208 /* RestClient.swift in Sources */ = {isa = PBXBuildFile; fileRef = 2D3DC43F2E94EFAF00FE9208 /* RestClient.swift */; };
		2D3DC4422E94EFE800FE9208 /* Models.swift in Sources */ = {isa = PBXBuildFile; fileRef = 2D3DC4412E94EFE800FE9208 /* Models.swift */; };
		2D3DC4452E94F7C700FE9208 /* BaseTarget.swift in Sources */ = {isa = PBXBuildFile; fileRef = 2D3DC4442E94F7C700FE9208 /* BaseTarget.swift */; };
		2D3DC4472E94F7E000FE9208 /* K.swift in Sources */ = {isa = PBXBuildFile; fileRef = 2D3DC4462E94F7E000FE9208 /* K.swift */; };
		2D3DC4492E94F9BE00FE9208 /* MoviesTarget.swift in Sources */ = {isa = PBXBuildFile; fileRef = 2D3DC4482E94F9BE00FE9208 /* MoviesTarget.swift */; };
/* End PBXBuildFile section */

/* Begin PBXContainerItemProxy section */
		2D3DC4192E94CA6E00FE9208 /* PBXContainerItemProxy */ = {
			isa = PBXContainerItemProxy;
			containerPortal = 2D3DC3FF2E94CA6B00FE9208 /* Project object */;
			proxyType = 1;
			remoteGlobalIDString = 2D3DC4062E94CA6B00FE9208;
			remoteInfo = AvengersMovieChallenge;
		};
		2D3DC4232E94CA6E00FE9208 /* PBXContainerItemProxy */ = {
			isa = PBXContainerItemProxy;
			containerPortal = 2D3DC3FF2E94CA6B00FE9208 /* Project object */;
			proxyType = 1;
			remoteGlobalIDString = 2D3DC4062E94CA6B00FE9208;
			remoteInfo = AvengersMovieChallenge;
		};
/* End PBXContainerItemProxy section */

/* Begin PBXFileReference section */
		2D3DC4072E94CA6B00FE9208 /* AvengersMovieChallenge.app */ = {isa = PBXFileReference; explicitFileType = wrapper.application; includeInIndex = 0; path = AvengersMovieChallenge.app; sourceTree = BUILT_PRODUCTS_DIR; };
		2D3DC40A2E94CA6B00FE9208 /* AvengersMovieChallengeApp.swift */ = {isa = PBXFileReference; lastKnownFileType = sourcecode.swift; path = AvengersMovieChallengeApp.swift; sourceTree = "<group>"; };
		2D3DC40C2E94CA6B00FE9208 /* ContentView.swift */ = {isa = PBXFileReference; lastKnownFileType = sourcecode.swift; path = ContentView.swift; sourceTree = "<group>"; };
		2D3DC40E2E94CA6E00FE9208 /* Assets.xcassets */ = {isa = PBXFileReference; lastKnownFileType = folder.assetcatalog; path = Assets.xcassets; sourceTree = "<group>"; };
		2D3DC4102E94CA6E00FE9208 /* AvengersMovieChallenge.entitlements */ = {isa = PBXFileReference; lastKnownFileType = text.plist.entitlements; path = AvengersMovieChallenge.entitlements; sourceTree = "<group>"; };
		2D3DC4122E94CA6E00FE9208 /* Preview Assets.xcassets */ = {isa = PBXFileReference; lastKnownFileType = folder.assetcatalog; path = "Preview Assets.xcassets"; sourceTree = "<group>"; };
		2D3DC4182E94CA6E00FE9208 /* AvengersMovieChallengeTests.xctest */ = {isa = PBXFileReference; explicitFileType = wrapper.cfbundle; includeInIndex = 0; path = AvengersMovieChallengeTests.xctest; sourceTree = BUILT_PRODUCTS_DIR; };
		2D3DC41C2E94CA6E00FE9208 /* AvengersMovieChallengeTests.swift */ = {isa = PBXFileReference; lastKnownFileType = sourcecode.swift; path = AvengersMovieChallengeTests.swift; sourceTree = "<group>"; };
		2D3DC4222E94CA6E00FE9208 /* AvengersMovieChallengeUITests.xctest */ = {isa = PBXFileReference; explicitFileType = wrapper.cfbundle; includeInIndex = 0; path = AvengersMovieChallengeUITests.xctest; sourceTree = BUILT_PRODUCTS_DIR; };
		2D3DC4262E94CA6E00FE9208 /* AvengersMovieChallengeUITests.swift */ = {isa = PBXFileReference; lastKnownFileType = sourcecode.swift; path = AvengersMovieChallengeUITests.swift; sourceTree = "<group>"; };
		2D3DC4282E94CA6E00FE9208 /* AvengersMovieChallengeUITestsLaunchTests.swift */ = {isa = PBXFileReference; lastKnownFileType = sourcecode.swift; path = AvengersMovieChallengeUITestsLaunchTests.swift; sourceTree = "<group>"; };
		2D3DC4372E94CD3D00FE9208 /* MoviesView.swift */ = {isa = PBXFileReference; lastKnownFileType = sourcecode.swift; path = MoviesView.swift; sourceTree = "<group>"; };
		2D3DC43A2E94CD5C00FE9208 /* MovieDetailsView.swift */ = {isa = PBXFileReference; lastKnownFileType = sourcecode.swift; path = MovieDetailsView.swift; sourceTree = "<group>"; };
		2D3DC43C2E94DF4700FE9208 /* MovieItemView.swift */ = {isa = PBXFileReference; lastKnownFileType = sourcecode.swift; path = MovieItemView.swift; sourceTree = "<group>"; };
		2D3DC43F2E94EFAF00FE9208 /* RestClient.swift */ = {isa = PBXFileReference; lastKnownFileType = sourcecode.swift; path = RestClient.swift; sourceTree = "<group>"; };
		2D3DC4412E94EFE800FE9208 /* Models.swift */ = {isa = PBXFileReference; lastKnownFileType = sourcecode.swift; path = Models.swift; sourceTree = "<group>"; };
		2D3DC4442E94F7C700FE9208 /* BaseTarget.swift */ = {isa = PBXFileReference; lastKnownFileType = sourcecode.swift; path = BaseTarget.swift; sourceTree = "<group>"; };
		2D3DC4462E94F7E000FE9208 /* K.swift */ = {isa = PBXFileReference; lastKnownFileType = sourcecode.swift; path = K.swift; sourceTree = "<group>"; };
		2D3DC4482E94F9BE00FE9208 /* MoviesTarget.swift */ = {isa = PBXFileReference; lastKnownFileType = sourcecode.swift; path = MoviesTarget.swift; sourceTree = "<group>"; };
/* End PBXFileReference section */

/* Begin PBXFrameworksBuildPhase section */
		2D3DC4042E94CA6B00FE9208 /* Frameworks */ = {
			isa = PBXFrameworksBuildPhase;
			buildActionMask = 2147483647;
			files = (
			);
			runOnlyForDeploymentPostprocessing = 0;
		};
		2D3DC4152E94CA6E00FE9208 /* Frameworks */ = {
			isa = PBXFrameworksBuildPhase;
			buildActionMask = 2147483647;
			files = (
			);
			runOnlyForDeploymentPostprocessing = 0;
		};
		2D3DC41F2E94CA6E00FE9208 /* Frameworks */ = {
			isa = PBXFrameworksBuildPhase;
			buildActionMask = 2147483647;
			files = (
			);
			runOnlyForDeploymentPostprocessing = 0;
		};
/* End PBXFrameworksBuildPhase section */

/* Begin PBXGroup section */
		2D3DC3FE2E94CA6B00FE9208 = {
			isa = PBXGroup;
			children = (
				2D3DC4092E94CA6B00FE9208 /* AvengersMovieChallenge */,
				2D3DC41B2E94CA6E00FE9208 /* AvengersMovieChallengeTests */,
				2D3DC4252E94CA6E00FE9208 /* AvengersMovieChallengeUITests */,
				2D3DC4082E94CA6B00FE9208 /* Products */,
			);
			sourceTree = "<group>";
		};
		2D3DC4082E94CA6B00FE9208 /* Products */ = {
			isa = PBXGroup;
			children = (
				2D3DC4072E94CA6B00FE9208 /* AvengersMovieChallenge.app */,
				2D3DC4182E94CA6E00FE9208 /* AvengersMovieChallengeTests.xctest */,
				2D3DC4222E94CA6E00FE9208 /* AvengersMovieChallengeUITests.xctest */,
			);
			name = Products;
			sourceTree = "<group>";
		};
		2D3DC4092E94CA6B00FE9208 /* AvengersMovieChallenge */ = {
			isa = PBXGroup;
			children = (
				2D3DC4432E94F7B500FE9208 /* Networking */,
				2D3DC43E2E94EF9900FE9208 /* Library */,
				2D3DC4352E94CD0600FE9208 /* Modules */,
				2D3DC40A2E94CA6B00FE9208 /* AvengersMovieChallengeApp.swift */,
				2D3DC40C2E94CA6B00FE9208 /* ContentView.swift */,
				2D3DC40E2E94CA6E00FE9208 /* Assets.xcassets */,
				2D3DC4102E94CA6E00FE9208 /* AvengersMovieChallenge.entitlements */,
				2D3DC4112E94CA6E00FE9208 /* Preview Content */,
			);
			path = AvengersMovieChallenge;
			sourceTree = "<group>";
		};
		2D3DC4112E94CA6E00FE9208 /* Preview Content */ = {
			isa = PBXGroup;
			children = (
				2D3DC4122E94CA6E00FE9208 /* Preview Assets.xcassets */,
			);
			path = "Preview Content";
			sourceTree = "<group>";
		};
		2D3DC41B2E94CA6E00FE9208 /* AvengersMovieChallengeTests */ = {
			isa = PBXGroup;
			children = (
				2D3DC41C2E94CA6E00FE9208 /* AvengersMovieChallengeTests.swift */,
			);
			path = AvengersMovieChallengeTests;
			sourceTree = "<group>";
		};
		2D3DC4252E94CA6E00FE9208 /* AvengersMovieChallengeUITests */ = {
			isa = PBXGroup;
			children = (
				2D3DC4262E94CA6E00FE9208 /* AvengersMovieChallengeUITests.swift */,
				2D3DC4282E94CA6E00FE9208 /* AvengersMovieChallengeUITestsLaunchTests.swift */,
			);
			path = AvengersMovieChallengeUITests;
			sourceTree = "<group>";
		};
		2D3DC4352E94CD0600FE9208 /* Modules */ = {
			isa = PBXGroup;
			children = (
				2D3DC4392E94CD4300FE9208 /* MovieDetails */,
				2D3DC4362E94CD1900FE9208 /* Movies */,
			);
			path = Modules;
			sourceTree = "<group>";
		};
		2D3DC4362E94CD1900FE9208 /* Movies */ = {
			isa = PBXGroup;
			children = (
				2D3DC4372E94CD3D00FE9208 /* MoviesView.swift */,
				2D3DC43C2E94DF4700FE9208 /* MovieItemView.swift */,
			);
			path = Movies;
			sourceTree = "<group>";
		};
		2D3DC4392E94CD4300FE9208 /* MovieDetails */ = {
			isa = PBXGroup;
			children = (
				2D3DC43A2E94CD5C00FE9208 /* MovieDetailsView.swift */,
			);
			path = MovieDetails;
			sourceTree = "<group>";
		};
		2D3DC43E2E94EF9900FE9208 /* Library */ = {
			isa = PBXGroup;
			children = (
				2D3DC43F2E94EFAF00FE9208 /* RestClient.swift */,
				2D3DC4412E94EFE800FE9208 /* Models.swift */,
				2D3DC4462E94F7E000FE9208 /* K.swift */,
			);
			path = Library;
			sourceTree = "<group>";
		};
		2D3DC4432E94F7B500FE9208 /* Networking */ = {
			isa = PBXGroup;
			children = (
				2D3DC4442E94F7C700FE9208 /* BaseTarget.swift */,
				2D3DC4482E94F9BE00FE9208 /* MoviesTarget.swift */,
			);
			path = Networking;
			sourceTree = "<group>";
		};
/* End PBXGroup section */

/* Begin PBXNativeTarget section */
		2D3DC4062E94CA6B00FE9208 /* AvengersMovieChallenge */ = {
			isa = PBXNativeTarget;
			buildConfigurationList = 2D3DC42C2E94CA6E00FE9208 /* Build configuration list for PBXNativeTarget "AvengersMovieChallenge" */;
			buildPhases = (
				2D3DC4032E94CA6B00FE9208 /* Sources */,
				2D3DC4042E94CA6B00FE9208 /* Frameworks */,
				2D3DC4052E94CA6B00FE9208 /* Resources */,
			);
			buildRules = (
			);
			dependencies = (
			);
			name = AvengersMovieChallenge;
			productName = AvengersMovieChallenge;
			productReference = 2D3DC4072E94CA6B00FE9208 /* AvengersMovieChallenge.app */;
			productType = "com.apple.product-type.application";
		};
		2D3DC4172E94CA6E00FE9208 /* AvengersMovieChallengeTests */ = {
			isa = PBXNativeTarget;
			buildConfigurationList = 2D3DC42F2E94CA6E00FE9208 /* Build configuration list for PBXNativeTarget "AvengersMovieChallengeTests" */;
			buildPhases = (
				2D3DC4142E94CA6E00FE9208 /* Sources */,
				2D3DC4152E94CA6E00FE9208 /* Frameworks */,
				2D3DC4162E94CA6E00FE9208 /* Resources */,
			);
			buildRules = (
			);
			dependencies = (
				2D3DC41A2E94CA6E00FE9208 /* PBXTargetDependency */,
			);
			name = AvengersMovieChallengeTests;
			productName = AvengersMovieChallengeTests;
			productReference = 2D3DC4182E94CA6E00FE9208 /* AvengersMovieChallengeTests.xctest */;
			productType = "com.apple.product-type.bundle.unit-test";
		};
		2D3DC4212E94CA6E00FE9208 /* AvengersMovieChallengeUITests */ = {
			isa = PBXNativeTarget;
			buildConfigurationList = 2D3DC4322E94CA6E00FE9208 /* Build configuration list for PBXNativeTarget "AvengersMovieChallengeUITests" */;
			buildPhases = (
				2D3DC41E2E94CA6E00FE9208 /* Sources */,
				2D3DC41F2E94CA6E00FE9208 /* Frameworks */,
				2D3DC4202E94CA6E00FE9208 /* Resources */,
			);
			buildRules = (
			);
			dependencies = (
				2D3DC4242E94CA6E00FE9208 /* PBXTargetDependency */,
			);
			name = AvengersMovieChallengeUITests;
			productName = AvengersMovieChallengeUITests;
			productReference = 2D3DC4222E94CA6E00FE9208 /* AvengersMovieChallengeUITests.xctest */;
			productType = "com.apple.product-type.bundle.ui-testing";
		};
/* End PBXNativeTarget section */

/* Begin PBXProject section */
		2D3DC3FF2E94CA6B00FE9208 /* Project object */ = {
			isa = PBXProject;
			attributes = {
				BuildIndependentTargetsInParallel = 1;
				LastSwiftUpdateCheck = 1520;
				LastUpgradeCheck = 1520;
				TargetAttributes = {
					2D3DC4062E94CA6B00FE9208 = {
						CreatedOnToolsVersion = 15.2;
					};
					2D3DC4172E94CA6E00FE9208 = {
						CreatedOnToolsVersion = 15.2;
						TestTargetID = 2D3DC4062E94CA6B00FE9208;
					};
					2D3DC4212E94CA6E00FE9208 = {
						CreatedOnToolsVersion = 15.2;
						TestTargetID = 2D3DC4062E94CA6B00FE9208;
					};
				};
			};
			buildConfigurationList = 2D3DC4022E94CA6B00FE9208 /* Build configuration list for PBXProject "AvengersMovieChallenge" */;
			compatibilityVersion = "Xcode 14.0";
			developmentRegion = en;
			hasScannedForEncodings = 0;
			knownRegions = (
				en,
				Base,
			);
			mainGroup = 2D3DC3FE2E94CA6B00FE9208;
			productRefGroup = 2D3DC4082E94CA6B00FE9208 /* Products */;
			projectDirPath = "";
			projectRoot = "";
			targets = (
				2D3DC4062E94CA6B00FE9208 /* AvengersMovieChallenge */,
				2D3DC4172E94CA6E00FE9208 /* AvengersMovieChallengeTests */,
				2D3DC4212E94CA6E00FE9208 /* AvengersMovieChallengeUITests */,
			);
		};
/* End PBXProject section */

/* Begin PBXResourcesBuildPhase section */
		2D3DC4052E94CA6B00FE9208 /* Resources */ = {
			isa = PBXResourcesBuildPhase;
			buildActionMask = 2147483647;
			files = (
				2D3DC4132E94CA6E00FE9208 /* Preview Assets.xcassets in Resources */,
				2D3DC40F2E94CA6E00FE9208 /* Assets.xcassets in Resources */,
			);
			runOnlyForDeploymentPostprocessing = 0;
		};
		2D3DC4162E94CA6E00FE9208 /* Resources */ = {
			isa = PBXResourcesBuildPhase;
			buildActionMask = 2147483647;
			files = (
			);
			runOnlyForDeploymentPostprocessing = 0;
		};
		2D3DC4202E94CA6E00FE9208 /* Resources */ = {
			isa = PBXResourcesBuildPhase;
			buildActionMask = 2147483647;
			files = (
			);
			runOnlyForDeploymentPostprocessing = 0;
		};
/* End PBXResourcesBuildPhase section */

/* Begin PBXSourcesBuildPhase section */
		2D3DC4032E94CA6B00FE9208 /* Sources */ = {
			isa = PBXSourcesBuildPhase;
			buildActionMask = 2147483647;
			files = (
				2D3DC4472E94F7E000FE9208 /* K.swift in Sources */,
				2D3DC4492E94F9BE00FE9208 /* MoviesTarget.swift in Sources */,
				2D3DC40D2E94CA6B00FE9208 /* ContentView.swift in Sources */,
				2D3DC4382E94CD3D00FE9208 /* MoviesView.swift in Sources */,
				2D3DC43B2E94CD5C00FE9208 /* MovieDetailsView.swift in Sources */,
				2D3DC43D2E94DF4700FE9208 /* MovieItemView.swift in Sources */,
				2D3DC4402E94EFAF00FE9208 /* RestClient.swift in Sources */,
				2D3DC4452E94F7C700FE9208 /* BaseTarget.swift in Sources */,
				2D3DC40B2E94CA6B00FE9208 /* AvengersMovieChallengeApp.swift in Sources */,
				2D3DC4422E94EFE800FE9208 /* Models.swift in Sources */,
			);
			runOnlyForDeploymentPostprocessing = 0;
		};
		2D3DC4142E94CA6E00FE9208 /* Sources */ = {
			isa = PBXSourcesBuildPhase;
			buildActionMask = 2147483647;
			files = (
				2D3DC41D2E94CA6E00FE9208 /* AvengersMovieChallengeTests.swift in Sources */,
			);
			runOnlyForDeploymentPostprocessing = 0;
		};
		2D3DC41E2E94CA6E00FE9208 /* Sources */ = {
			isa = PBXSourcesBuildPhase;
			buildActionMask = 2147483647;
			files = (
				2D3DC4292E94CA6E00FE9208 /* AvengersMovieChallengeUITestsLaunchTests.swift in Sources */,
				2D3DC4272E94CA6E00FE9208 /* AvengersMovieChallengeUITests.swift in Sources */,
			);
			runOnlyForDeploymentPostprocessing = 0;
		};
/* End PBXSourcesBuildPhase section */

/* Begin PBXTargetDependency section */
		2D3DC41A2E94CA6E00FE9208 /* PBXTargetDependency */ = {
			isa = PBXTargetDependency;
			target = 2D3DC4062E94CA6B00FE9208 /* AvengersMovieChallenge */;
			targetProxy = 2D3DC4192E94CA6E00FE9208 /* PBXContainerItemProxy */;
		};
		2D3DC4242E94CA6E00FE9208 /* PBXTargetDependency */ = {
			isa = PBXTargetDependency;
			target = 2D3DC4062E94CA6B00FE9208 /* AvengersMovieChallenge */;
			targetProxy = 2D3DC4232E94CA6E00FE9208 /* PBXContainerItemProxy */;
		};
/* End PBXTargetDependency section */

/* Begin XCBuildConfiguration section */
		2D3DC42A2E94CA6E00FE9208 /* Debug */ = {
			isa = XCBuildConfiguration;
			buildSettings = {
				ALWAYS_SEARCH_USER_PATHS = NO;
				ASSETCATALOG_COMPILER_GENERATE_SWIFT_ASSET_SYMBOL_EXTENSIONS = YES;
				CLANG_ANALYZER_NONNULL = YES;
				CLANG_ANALYZER_NUMBER_OBJECT_CONVERSION = YES_AGGRESSIVE;
				CLANG_CXX_LANGUAGE_STANDARD = "gnu++20";
				CLANG_ENABLE_MODULES = YES;
				CLANG_ENABLE_OBJC_ARC = YES;
				CLANG_ENABLE_OBJC_WEAK = YES;
				CLANG_WARN_BLOCK_CAPTURE_AUTORELEASING = YES;
				CLANG_WARN_BOOL_CONVERSION = YES;
				CLANG_WARN_COMMA = YES;
				CLANG_WARN_CONSTANT_CONVERSION = YES;
				CLANG_WARN_DEPRECATED_OBJC_IMPLEMENTATIONS = YES;
				CLANG_WARN_DIRECT_OBJC_ISA_USAGE = YES_ERROR;
				CLANG_WARN_DOCUMENTATION_COMMENTS = YES;
				CLANG_WARN_EMPTY_BODY = YES;
				CLANG_WARN_ENUM_CONVERSION = YES;
				CLANG_WARN_INFINITE_RECURSION = YES;
				CLANG_WARN_INT_CONVERSION = YES;
				CLANG_WARN_NON_LITERAL_NULL_CONVERSION = YES;
				CLANG_WARN_OBJC_IMPLICIT_RETAIN_SELF = YES;
				CLANG_WARN_OBJC_LITERAL_CONVERSION = YES;
				CLANG_WARN_OBJC_ROOT_CLASS = YES_ERROR;
				CLANG_WARN_QUOTED_INCLUDE_IN_FRAMEWORK_HEADER = YES;
				CLANG_WARN_RANGE_LOOP_ANALYSIS = YES;
				CLANG_WARN_STRICT_PROTOTYPES = YES;
				CLANG_WARN_SUSPICIOUS_MOVE = YES;
				CLANG_WARN_UNGUARDED_AVAILABILITY = YES_AGGRESSIVE;
				CLANG_WARN_UNREACHABLE_CODE = YES;
				CLANG_WARN__DUPLICATE_METHOD_MATCH = YES;
				COPY_PHASE_STRIP = NO;
				DEBUG_INFORMATION_FORMAT = dwarf;
				ENABLE_STRICT_OBJC_MSGSEND = YES;
				ENABLE_TESTABILITY = YES;
				ENABLE_USER_SCRIPT_SANDBOXING = YES;
				GCC_C_LANGUAGE_STANDARD = gnu17;
				GCC_DYNAMIC_NO_PIC = NO;
				GCC_NO_COMMON_BLOCKS = YES;
				GCC_OPTIMIZATION_LEVEL = 0;
				GCC_PREPROCESSOR_DEFINITIONS = (
					"DEBUG=1",
					"$(inherited)",
				);
				GCC_WARN_64_TO_32_BIT_CONVERSION = YES;
				GCC_WARN_ABOUT_RETURN_TYPE = YES_ERROR;
				GCC_WARN_UNDECLARED_SELECTOR = YES;
				GCC_WARN_UNINITIALIZED_AUTOS = YES_AGGRESSIVE;
				GCC_WARN_UNUSED_FUNCTION = YES;
				GCC_WARN_UNUSED_VARIABLE = YES;
				LOCALIZATION_PREFERS_STRING_CATALOGS = YES;
				MTL_ENABLE_DEBUG_INFO = INCLUDE_SOURCE;
				MTL_FAST_MATH = YES;
				ONLY_ACTIVE_ARCH = YES;
				SWIFT_ACTIVE_COMPILATION_CONDITIONS = "DEBUG $(inherited)";
				SWIFT_OPTIMIZATION_LEVEL = "-Onone";
			};
			name = Debug;
		};
		2D3DC42B2E94CA6E00FE9208 /* Release */ = {
			isa = XCBuildConfiguration;
			buildSettings = {
				ALWAYS_SEARCH_USER_PATHS = NO;
				ASSETCATALOG_COMPILER_GENERATE_SWIFT_ASSET_SYMBOL_EXTENSIONS = YES;
				CLANG_ANALYZER_NONNULL = YES;
				CLANG_ANALYZER_NUMBER_OBJECT_CONVERSION = YES_AGGRESSIVE;
				CLANG_CXX_LANGUAGE_STANDARD = "gnu++20";
				CLANG_ENABLE_MODULES = YES;
				CLANG_ENABLE_OBJC_ARC = YES;
				CLANG_ENABLE_OBJC_WEAK = YES;
				CLANG_WARN_BLOCK_CAPTURE_AUTORELEASING = YES;
				CLANG_WARN_BOOL_CONVERSION = YES;
				CLANG_WARN_COMMA = YES;
				CLANG_WARN_CONSTANT_CONVERSION = YES;
				CLANG_WARN_DEPRECATED_OBJC_IMPLEMENTATIONS = YES;
				CLANG_WARN_DIRECT_OBJC_ISA_USAGE = YES_ERROR;
				CLANG_WARN_DOCUMENTATION_COMMENTS = YES;
				CLANG_WARN_EMPTY_BODY = YES;
				CLANG_WARN_ENUM_CONVERSION = YES;
				CLANG_WARN_INFINITE_RECURSION = YES;
				CLANG_WARN_INT_CONVERSION = YES;
				CLANG_WARN_NON_LITERAL_NULL_CONVERSION = YES;
				CLANG_WARN_OBJC_IMPLICIT_RETAIN_SELF = YES;
				CLANG_WARN_OBJC_LITERAL_CONVERSION = YES;
				CLANG_WARN_OBJC_ROOT_CLASS = YES_ERROR;
				CLANG_WARN_QUOTED_INCLUDE_IN_FRAMEWORK_HEADER = YES;
				CLANG_WARN_RANGE_LOOP_ANALYSIS = YES;
				CLANG_WARN_STRICT_PROTOTYPES = YES;
				CLANG_WARN_SUSPICIOUS_MOVE = YES;
				CLANG_WARN_UNGUARDED_AVAILABILITY = YES_AGGRESSIVE;
				CLANG_WARN_UNREACHABLE_CODE = YES;
				CLANG_WARN__DUPLICATE_METHOD_MATCH = YES;
				COPY_PHASE_STRIP = NO;
				DEBUG_INFORMATION_FORMAT = "dwarf-with-dsym";
				ENABLE_NS_ASSERTIONS = NO;
				ENABLE_STRICT_OBJC_MSGSEND = YES;
				ENABLE_USER_SCRIPT_SANDBOXING = YES;
				GCC_C_LANGUAGE_STANDARD = gnu17;
				GCC_NO_COMMON_BLOCKS = YES;
				GCC_WARN_64_TO_32_BIT_CONVERSION = YES;
				GCC_WARN_ABOUT_RETURN_TYPE = YES_ERROR;
				GCC_WARN_UNDECLARED_SELECTOR = YES;
				GCC_WARN_UNINITIALIZED_AUTOS = YES_AGGRESSIVE;
				GCC_WARN_UNUSED_FUNCTION = YES;
				GCC_WARN_UNUSED_VARIABLE = YES;
				LOCALIZATION_PREFERS_STRING_CATALOGS = YES;
				MTL_ENABLE_DEBUG_INFO = NO;
				MTL_FAST_MATH = YES;
				SWIFT_COMPILATION_MODE = wholemodule;
			};
			name = Release;
		};
		2D3DC42D2E94CA6E00FE9208 /* Debug */ = {
			isa = XCBuildConfiguration;
			buildSettings = {
				ASSETCATALOG_COMPILER_APPICON_NAME = AppIcon;
				ASSETCATALOG_COMPILER_GLOBAL_ACCENT_COLOR_NAME = AccentColor;
				CODE_SIGN_ENTITLEMENTS = AvengersMovieChallenge/AvengersMovieChallenge.entitlements;
				CODE_SIGN_STYLE = Automatic;
				CURRENT_PROJECT_VERSION = 1;
				DEVELOPMENT_ASSET_PATHS = "\"AvengersMovieChallenge/Preview Content\"";
				DEVELOPMENT_TEAM = 8F338LN7K7;
				ENABLE_HARDENED_RUNTIME = YES;
				ENABLE_PREVIEWS = YES;
				GENERATE_INFOPLIST_FILE = YES;
				"INFOPLIST_KEY_UIApplicationSceneManifest_Generation[sdk=iphoneos*]" = YES;
				"INFOPLIST_KEY_UIApplicationSceneManifest_Generation[sdk=iphonesimulator*]" = YES;
				"INFOPLIST_KEY_UIApplicationSupportsIndirectInputEvents[sdk=iphoneos*]" = YES;
				"INFOPLIST_KEY_UIApplicationSupportsIndirectInputEvents[sdk=iphonesimulator*]" = YES;
				"INFOPLIST_KEY_UILaunchScreen_Generation[sdk=iphoneos*]" = YES;
				"INFOPLIST_KEY_UILaunchScreen_Generation[sdk=iphonesimulator*]" = YES;
				"INFOPLIST_KEY_UIStatusBarStyle[sdk=iphoneos*]" = UIStatusBarStyleDefault;
				"INFOPLIST_KEY_UIStatusBarStyle[sdk=iphonesimulator*]" = UIStatusBarStyleDefault;
				INFOPLIST_KEY_UISupportedInterfaceOrientations_iPad = "UIInterfaceOrientationPortrait UIInterfaceOrientationPortraitUpsideDown UIInterfaceOrientationLandscapeLeft UIInterfaceOrientationLandscapeRight";
				INFOPLIST_KEY_UISupportedInterfaceOrientations_iPhone = "UIInterfaceOrientationPortrait UIInterfaceOrientationLandscapeLeft UIInterfaceOrientationLandscapeRight";
				INFOPLIST_KEY_UIUserInterfaceStyle = Dark;
				IPHONEOS_DEPLOYMENT_TARGET = 17.2;
				LD_RUNPATH_SEARCH_PATHS = "@executable_path/Frameworks";
				"LD_RUNPATH_SEARCH_PATHS[sdk=macosx*]" = "@executable_path/../Frameworks";
				MACOSX_DEPLOYMENT_TARGET = 13.5;
				MARKETING_VERSION = 1.0;
				PRODUCT_BUNDLE_IDENTIFIER = "Geovanni-Chavez.AvengersMovieChallenge";
				PRODUCT_NAME = "$(TARGET_NAME)";
				SDKROOT = auto;
				SUPPORTED_PLATFORMS = "iphoneos iphonesimulator macosx";
				SWIFT_EMIT_LOC_STRINGS = YES;
				SWIFT_VERSION = 5.0;
				TARGETED_DEVICE_FAMILY = "1,2";
			};
			name = Debug;
		};
		2D3DC42E2E94CA6E00FE9208 /* Release */ = {
			isa = XCBuildConfiguration;
			buildSettings = {
				ASSETCATALOG_COMPILER_APPICON_NAME = AppIcon;
				ASSETCATALOG_COMPILER_GLOBAL_ACCENT_COLOR_NAME = AccentColor;
				CODE_SIGN_ENTITLEMENTS = AvengersMovieChallenge/AvengersMovieChallenge.entitlements;
				CODE_SIGN_STYLE = Automatic;
				CURRENT_PROJECT_VERSION = 1;
				DEVELOPMENT_ASSET_PATHS = "\"AvengersMovieChallenge/Preview Content\"";
				DEVELOPMENT_TEAM = 8F338LN7K7;
				ENABLE_HARDENED_RUNTIME = YES;
				ENABLE_PREVIEWS = YES;
				GENERATE_INFOPLIST_FILE = YES;
				"INFOPLIST_KEY_UIApplicationSceneManifest_Generation[sdk=iphoneos*]" = YES;
				"INFOPLIST_KEY_UIApplicationSceneManifest_Generation[sdk=iphonesimulator*]" = YES;
				"INFOPLIST_KEY_UIApplicationSupportsIndirectInputEvents[sdk=iphoneos*]" = YES;
				"INFOPLIST_KEY_UIApplicationSupportsIndirectInputEvents[sdk=iphonesimulator*]" = YES;
				"INFOPLIST_KEY_UILaunchScreen_Generation[sdk=iphoneos*]" = YES;
				"INFOPLIST_KEY_UILaunchScreen_Generation[sdk=iphonesimulator*]" = YES;
				"INFOPLIST_KEY_UIStatusBarStyle[sdk=iphoneos*]" = UIStatusBarStyleDefault;
				"INFOPLIST_KEY_UIStatusBarStyle[sdk=iphonesimulator*]" = UIStatusBarStyleDefault;
				INFOPLIST_KEY_UISupportedInterfaceOrientations_iPad = "UIInterfaceOrientationPortrait UIInterfaceOrientationPortraitUpsideDown UIInterfaceOrientationLandscapeLeft UIInterfaceOrientationLandscapeRight";
				INFOPLIST_KEY_UISupportedInterfaceOrientations_iPhone = "UIInterfaceOrientationPortrait UIInterfaceOrientationLandscapeLeft UIInterfaceOrientationLandscapeRight";
				INFOPLIST_KEY_UIUserInterfaceStyle = Dark;
				IPHONEOS_DEPLOYMENT_TARGET = 17.2;
				LD_RUNPATH_SEARCH_PATHS = "@executable_path/Frameworks";
				"LD_RUNPATH_SEARCH_PATHS[sdk=macosx*]" = "@executable_path/../Frameworks";
				MACOSX_DEPLOYMENT_TARGET = 13.5;
				MARKETING_VERSION = 1.0;
				PRODUCT_BUNDLE_IDENTIFIER = "Geovanni-Chavez.AvengersMovieChallenge";
				PRODUCT_NAME = "$(TARGET_NAME)";
				SDKROOT = auto;
				SUPPORTED_PLATFORMS = "iphoneos iphonesimulator macosx";
				SWIFT_EMIT_LOC_STRINGS = YES;
				SWIFT_VERSION = 5.0;
				TARGETED_DEVICE_FAMILY = "1,2";
			};
			name = Release;
		};
		2D3DC4302E94CA6E00FE9208 /* Debug */ = {
			isa = XCBuildConfiguration;
			buildSettings = {
				ALWAYS_EMBED_SWIFT_STANDARD_LIBRARIES = YES;
				BUNDLE_LOADER = "$(TEST_HOST)";
				CODE_SIGN_STYLE = Automatic;
				CURRENT_PROJECT_VERSION = 1;
				DEVELOPMENT_TEAM = 8F338LN7K7;
				GENERATE_INFOPLIST_FILE = YES;
				IPHONEOS_DEPLOYMENT_TARGET = 17.2;
				MACOSX_DEPLOYMENT_TARGET = 13.5;
				MARKETING_VERSION = 1.0;
				PRODUCT_BUNDLE_IDENTIFIER = "Geovanni-Chavez.AvengersMovieChallengeTests";
				PRODUCT_NAME = "$(TARGET_NAME)";
				SDKROOT = auto;
				SUPPORTED_PLATFORMS = "iphoneos iphonesimulator macosx";
				SWIFT_EMIT_LOC_STRINGS = NO;
				SWIFT_VERSION = 5.0;
				TARGETED_DEVICE_FAMILY = "1,2";
				TEST_HOST = "$(BUILT_PRODUCTS_DIR)/AvengersMovieChallenge.app/$(BUNDLE_EXECUTABLE_FOLDER_PATH)/AvengersMovieChallenge";
			};
			name = Debug;
		};
		2D3DC4312E94CA6E00FE9208 /* Release */ = {
			isa = XCBuildConfiguration;
			buildSettings = {
				ALWAYS_EMBED_SWIFT_STANDARD_LIBRARIES = YES;
				BUNDLE_LOADER = "$(TEST_HOST)";
				CODE_SIGN_STYLE = Automatic;
				CURRENT_PROJECT_VERSION = 1;
				DEVELOPMENT_TEAM = 8F338LN7K7;
				GENERATE_INFOPLIST_FILE = YES;
				IPHONEOS_DEPLOYMENT_TARGET = 17.2;
				MACOSX_DEPLOYMENT_TARGET = 13.5;
				MARKETING_VERSION = 1.0;
				PRODUCT_BUNDLE_IDENTIFIER = "Geovanni-Chavez.AvengersMovieChallengeTests";
				PRODUCT_NAME = "$(TARGET_NAME)";
				SDKROOT = auto;
				SUPPORTED_PLATFORMS = "iphoneos iphonesimulator macosx";
				SWIFT_EMIT_LOC_STRINGS = NO;
				SWIFT_VERSION = 5.0;
				TARGETED_DEVICE_FAMILY = "1,2";
				TEST_HOST = "$(BUILT_PRODUCTS_DIR)/AvengersMovieChallenge.app/$(BUNDLE_EXECUTABLE_FOLDER_PATH)/AvengersMovieChallenge";
			};
			name = Release;
		};
		2D3DC4332E94CA6E00FE9208 /* Debug */ = {
			isa = XCBuildConfiguration;
			buildSettings = {
				ALWAYS_EMBED_SWIFT_STANDARD_LIBRARIES = YES;
				CODE_SIGN_STYLE = Automatic;
				CURRENT_PROJECT_VERSION = 1;
				DEVELOPMENT_TEAM = 8F338LN7K7;
				GENERATE_INFOPLIST_FILE = YES;
				IPHONEOS_DEPLOYMENT_TARGET = 17.2;
				MACOSX_DEPLOYMENT_TARGET = 13.5;
				MARKETING_VERSION = 1.0;
				PRODUCT_BUNDLE_IDENTIFIER = "Geovanni-Chavez.AvengersMovieChallengeUITests";
				PRODUCT_NAME = "$(TARGET_NAME)";
				SDKROOT = auto;
				SUPPORTED_PLATFORMS = "iphoneos iphonesimulator macosx";
				SWIFT_EMIT_LOC_STRINGS = NO;
				SWIFT_VERSION = 5.0;
				TARGETED_DEVICE_FAMILY = "1,2";
				TEST_TARGET_NAME = AvengersMovieChallenge;
			};
			name = Debug;
		};
		2D3DC4342E94CA6E00FE9208 /* Release */ = {
			isa = XCBuildConfiguration;
			buildSettings = {
				ALWAYS_EMBED_SWIFT_STANDARD_LIBRARIES = YES;
				CODE_SIGN_STYLE = Automatic;
				CURRENT_PROJECT_VERSION = 1;
				DEVELOPMENT_TEAM = 8F338LN7K7;
				GENERATE_INFOPLIST_FILE = YES;
				IPHONEOS_DEPLOYMENT_TARGET = 17.2;
				MACOSX_DEPLOYMENT_TARGET = 13.5;
				MARKETING_VERSION = 1.0;
				PRODUCT_BUNDLE_IDENTIFIER = "Geovanni-Chavez.AvengersMovieChallengeUITests";
				PRODUCT_NAME = "$(TARGET_NAME)";
				SDKROOT = auto;
				SUPPORTED_PLATFORMS = "iphoneos iphonesimulator macosx";
				SWIFT_EMIT_LOC_STRINGS = NO;
				SWIFT_VERSION = 5.0;
				TARGETED_DEVICE_FAMILY = "1,2";
				TEST_TARGET_NAME = AvengersMovieChallenge;
			};
			name = Release;
		};
/* End XCBuildConfiguration section */

/* Begin XCConfigurationList section */
		2D3DC4022E94CA6B00FE9208 /* Build configuration list for PBXProject "AvengersMovieChallenge" */ = {
			isa = XCConfigurationList;
			buildConfigurations = (
				2D3DC42A2E94CA6E00FE9208 /* Debug */,
				2D3DC42B2E94CA6E00FE9208 /* Release */,
			);
			defaultConfigurationIsVisible = 0;
			defaultConfigurationName = Release;
		};
		2D3DC42C2E94CA6E00FE9208 /* Build configuration list for PBXNativeTarget "AvengersMovieChallenge" */ = {
			isa = XCConfigurationList;
			buildConfigurations = (
				2D3DC42D2E94CA6E00FE9208 /* Debug */,
				2D3DC42E2E94CA6E00FE9208 /* Release */,
			);
			defaultConfigurationIsVisible = 0;
			defaultConfigurationName = Release;
		};
		2D3DC42F2E94CA6E00FE9208 /* Build configuration list for PBXNativeTarget "AvengersMovieChallengeTests" */ = {
			isa = XCConfigurationList;
			buildConfigurations = (
				2D3DC4302E94CA6E00FE9208 /* Debug */,
				2D3DC4312E94CA6E00FE9208 /* Release */,
			);
			defaultConfigurationIsVisible = 0;
			defaultConfigurationName = Release;
		};
		2D3DC4322E94CA6E00FE9208 /* Build configuration list for PBXNativeTarget "AvengersMovieChallengeUITests" */ = {
			isa = XCConfigurationList;
			buildConfigurations = (
				2D3DC4332E94CA6E00FE9208 /* Debug */,
				2D3DC4342E94CA6E00FE9208 /* Release */,
			);
			defaultConfigurationIsVisible = 0;
			defaultConfigurationName = Release;
		};
/* End XCConfigurationList section */
	};
	rootObject = 2D3DC3FF2E94CA6B00FE9208 /* Project object */;
}
